Microsoft Visual Studio Solution File, Format Version 11.00
# Visual Studio 2008

Project("{A8156279-3459-1A2C-2F2E-FD4378BC4940}") = "ThirdProject", "Assembly-CSharp.csproj", "{F704DDFE-6295-4102-8EEF-364331670043}"
EndProject
Project("{A8156279-3459-1A2C-2F2E-FD4378BC4940}") = "ThirdProject", "Assembly-CSharp-Editor.csproj", "{96356F0A-385B-9242-21AA-85E640A33D05}"
EndProject
Global
	GlobalSection(SolutionConfigurationPlatforms) = preSolution
		Debug|Any CPU = Debug|Any CPU
		Release|Any CPU = Release|Any CPU
	EndGlobalSection
	GlobalSection(ProjectConfigurationPlatforms) = postSolution
		{F704DDFE-6295-4102-8EEF-364331670043}.Debug|Any CPU.ActiveCfg = Debug|Any CPU
		{F704DDFE-6295-4102-8EEF-364331670043}.Debug|Any CPU.Build.0 = Debug|Any CPU
		{F704DDFE-6295-4102-8EEF-364331670043}.Release|Any CPU.ActiveCfg = Release|Any CPU
		{F704DDFE-6295-4102-8EEF-364331670043}.Release|Any CPU.Build.0 = Release|Any CPU
		{96356F0A-385B-9242-21AA-85E640A33D05}.Debug|Any CPU.ActiveCfg = Debug|Any CPU
		{96356F0A-385B-9242-21AA-85E640A33D05}.Debug|Any CPU.Build.0 = Debug|Any CPU
		{96356F0A-385B-9242-21AA-85E640A33D05}.Release|Any CPU.ActiveCfg = Release|Any CPU
		{96356F0A-385B-9242-21AA-85E640A33D05}.Release|Any CPU.Build.0 = Release|Any CPU
	EndGlobalSection
	GlobalSection(SolutionProperties) = preSolution
		HideSolutionNode = FALSE
	EndGlobalSection
	GlobalSection(MonoDevelopProperties) = preSolution
		StartupItem = Assembly-CSharp.csproj
	EndGlobalSection
EndGlobal
