Microsoft Visual Studio Solution File, Format Version 11.00
# Visual Studio 2008

Project("{0DCB6D0D-4B24-F9EE-2C22-9812A799C0B5}") = "SuperZombiRunner", "Assembly-CSharp.csproj", "{F99F11EF-02E8-9726-BA4E-73182A7E958B}"
EndProject
Global
	GlobalSection(SolutionConfigurationPlatforms) = preSolution
		Debug|Any CPU = Debug|Any CPU
		Release|Any CPU = Release|Any CPU
	EndGlobalSection
	GlobalSection(ProjectConfigurationPlatforms) = postSolution
		{F99F11EF-02E8-9726-BA4E-73182A7E958B}.Debug|Any CPU.ActiveCfg = Debug|Any CPU
		{F99F11EF-02E8-9726-BA4E-73182A7E958B}.Debug|Any CPU.Build.0 = Debug|Any CPU
		{F99F11EF-02E8-9726-BA4E-73182A7E958B}.Release|Any CPU.ActiveCfg = Release|Any CPU
		{F99F11EF-02E8-9726-BA4E-73182A7E958B}.Release|Any CPU.Build.0 = Release|Any CPU
	EndGlobalSection
	GlobalSection(SolutionProperties) = preSolution
		HideSolutionNode = FALSE
	EndGlobalSection
	GlobalSection(MonoDevelopProperties) = preSolution
		StartupItem = Assembly-CSharp.csproj
	EndGlobalSection
EndGlobal
